
Microsoft Visual Studio Solution File, Format Version 12.00
# Visual Studio Version 16
VisualStudioVersion = 16.0.31005.135
MinimumVisualStudioVersion = 10.0.40219.1
Project("{9A19103F-16F7-4668-BE54-9A1E7A4F7556}") = "LQC", "LQC\LQC.csproj", "{20417CEF-A7BB-464D-83EF-469C3D62B337}"
EndProject
Global
	GlobalSection(SolutionConfigurationPlatforms) = preSolution
		Debug|Any CPU = Debug|Any CPU
		Release|Any CPU = Release|Any CPU
	EndGlobalSection
	GlobalSection(ProjectConfigurationPlatforms) = postSolution
		{20417CEF-A7BB-464D-83EF-469C3D62B337}.Debug|Any CPU.ActiveCfg = Debug|Any CPU
		{20417CEF-A7BB-464D-83EF-469C3D62B337}.Debug|Any CPU.Build.0 = Debug|Any CPU
		{20417CEF-A7BB-464D-83EF-469C3D62B337}.Release|Any CPU.ActiveCfg = Release|Any CPU
		{20417CEF-A7BB-464D-83EF-469C3D62B337}.Release|Any CPU.Build.0 = Release|Any CPU
	EndGlobalSection
	GlobalSection(SolutionProperties) = preSolution
		HideSolutionNode = FALSE
	EndGlobalSection
	GlobalSection(ExtensibilityGlobals) = postSolution
		SolutionGuid = {76621EE4-85CB-47FE-A4F7-DADFE7DF37C2}
	EndGlobalSection
EndGlobal
